
Microsoft Visual Studio Solution File, Format Version 12.00
# Visual Studio 15
VisualStudioVersion = 15.0.28307.271
MinimumVisualStudioVersion = 10.0.40219.1
Project("{FAE04EC0-301F-11D3-BF4B-00C04F79EFBC}") = "site-from-scratch", "site-from-scratch\site-from-scratch.csproj", "{6C1954B8-6A13-46E6-A36C-8F60CBE09463}"
EndProject
Global
	GlobalSection(SolutionConfigurationPlatforms) = preSolution
		Debug|Any CPU = Debug|Any CPU
		Release|Any CPU = Release|Any CPU
	EndGlobalSection
	GlobalSection(ProjectConfigurationPlatforms) = postSolution
		{6C1954B8-6A13-46E6-A36C-8F60CBE09463}.Debug|Any CPU.ActiveCfg = Debug|Any CPU
		{6C1954B8-6A13-46E6-A36C-8F60CBE09463}.Debug|Any CPU.Build.0 = Debug|Any CPU
		{6C1954B8-6A13-46E6-A36C-8F60CBE09463}.Release|Any CPU.ActiveCfg = Release|Any CPU
		{6C1954B8-6A13-46E6-A36C-8F60CBE09463}.Release|Any CPU.Build.0 = Release|Any CPU
	EndGlobalSection
	GlobalSection(SolutionProperties) = preSolution
		HideSolutionNode = FALSE
	EndGlobalSection
	GlobalSection(ExtensibilityGlobals) = postSolution
		SolutionGuid = {D1B944F3-AA77-4507-AA0B-8D38426097A6}
	EndGlobalSection
EndGlobal
